
Microsoft Visual Studio Solution File, Format Version 12.00
# Visual Studio Version 17
VisualStudioVersion = 17.0.31903.59
MinimumVisualStudioVersion = 10.0.40219.1
Project("{FAE04EC0-301F-11D3-BF4B-00C04F79EFBC}") = "HowManyOfThisType", "HowManyOfThisType\HowManyOfThisType.csproj", "{002117E4-3D81-4C48-AAED-66A4BAED39C2}"
EndProject
Project("{FAE04EC0-301F-11D3-BF4B-00C04F79EFBC}") = "TheyCameBefore", "TheyCameBefore\TheyCameBefore.csproj", "{212D0B3A-68A2-4C78-92E0-5FF1DA2FD594}"
EndProject
Project("{FAE04EC0-301F-11D3-BF4B-00C04F79EFBC}") = "MyGenericClass", "MyGenericClass\MyGenericClass.csproj", "{A2321F94-65D3-452F-AA85-431CE84C5517}"
EndProject
Project("{FAE04EC0-301F-11D3-BF4B-00C04F79EFBC}") = "MyEnumerable", "MyEnumerable\MyEnumerable.csproj", "{B1464FFB-0AED-4B63-A226-679A252E1460}"
EndProject
Project("{FAE04EC0-301F-11D3-BF4B-00C04F79EFBC}") = "JustLikeACollection", "JustLikeACollection\JustLikeACollection.csproj", "{B61E4B7B-F848-4628-BE9C-97AFA0F64ADC}"
EndProject
Global
	GlobalSection(SolutionConfigurationPlatforms) = preSolution
		Debug|Any CPU = Debug|Any CPU
		Debug|x64 = Debug|x64
		Debug|x86 = Debug|x86
		Release|Any CPU = Release|Any CPU
		Release|x64 = Release|x64
		Release|x86 = Release|x86
	EndGlobalSection
	GlobalSection(ProjectConfigurationPlatforms) = postSolution
		{002117E4-3D81-4C48-AAED-66A4BAED39C2}.Debug|Any CPU.ActiveCfg = Debug|Any CPU
		{002117E4-3D81-4C48-AAED-66A4BAED39C2}.Debug|Any CPU.Build.0 = Debug|Any CPU
		{002117E4-3D81-4C48-AAED-66A4BAED39C2}.Debug|x64.ActiveCfg = Debug|Any CPU
		{002117E4-3D81-4C48-AAED-66A4BAED39C2}.Debug|x64.Build.0 = Debug|Any CPU
		{002117E4-3D81-4C48-AAED-66A4BAED39C2}.Debug|x86.ActiveCfg = Debug|Any CPU
		{002117E4-3D81-4C48-AAED-66A4BAED39C2}.Debug|x86.Build.0 = Debug|Any CPU
		{002117E4-3D81-4C48-AAED-66A4BAED39C2}.Release|Any CPU.ActiveCfg = Release|Any CPU
		{002117E4-3D81-4C48-AAED-66A4BAED39C2}.Release|Any CPU.Build.0 = Release|Any CPU
		{002117E4-3D81-4C48-AAED-66A4BAED39C2}.Release|x64.ActiveCfg = Release|Any CPU
		{002117E4-3D81-4C48-AAED-66A4BAED39C2}.Release|x64.Build.0 = Release|Any CPU
		{002117E4-3D81-4C48-AAED-66A4BAED39C2}.Release|x86.ActiveCfg = Release|Any CPU
		{002117E4-3D81-4C48-AAED-66A4BAED39C2}.Release|x86.Build.0 = Release|Any CPU
		{212D0B3A-68A2-4C78-92E0-5FF1DA2FD594}.Debug|Any CPU.ActiveCfg = Debug|Any CPU
		{212D0B3A-68A2-4C78-92E0-5FF1DA2FD594}.Debug|Any CPU.Build.0 = Debug|Any CPU
		{212D0B3A-68A2-4C78-92E0-5FF1DA2FD594}.Debug|x64.ActiveCfg = Debug|Any CPU
		{212D0B3A-68A2-4C78-92E0-5FF1DA2FD594}.Debug|x64.Build.0 = Debug|Any CPU
		{212D0B3A-68A2-4C78-92E0-5FF1DA2FD594}.Debug|x86.ActiveCfg = Debug|Any CPU
		{212D0B3A-68A2-4C78-92E0-5FF1DA2FD594}.Debug|x86.Build.0 = Debug|Any CPU
		{212D0B3A-68A2-4C78-92E0-5FF1DA2FD594}.Release|Any CPU.ActiveCfg = Release|Any CPU
		{212D0B3A-68A2-4C78-92E0-5FF1DA2FD594}.Release|Any CPU.Build.0 = Release|Any CPU
		{212D0B3A-68A2-4C78-92E0-5FF1DA2FD594}.Release|x64.ActiveCfg = Release|Any CPU
		{212D0B3A-68A2-4C78-92E0-5FF1DA2FD594}.Release|x64.Build.0 = Release|Any CPU
		{212D0B3A-68A2-4C78-92E0-5FF1DA2FD594}.Release|x86.ActiveCfg = Release|Any CPU
		{212D0B3A-68A2-4C78-92E0-5FF1DA2FD594}.Release|x86.Build.0 = Release|Any CPU
		{A2321F94-65D3-452F-AA85-431CE84C5517}.Debug|Any CPU.ActiveCfg = Debug|Any CPU
		{A2321F94-65D3-452F-AA85-431CE84C5517}.Debug|Any CPU.Build.0 = Debug|Any CPU
		{A2321F94-65D3-452F-AA85-431CE84C5517}.Debug|x64.ActiveCfg = Debug|Any CPU
		{A2321F94-65D3-452F-AA85-431CE84C5517}.Debug|x64.Build.0 = Debug|Any CPU
		{A2321F94-65D3-452F-AA85-431CE84C5517}.Debug|x86.ActiveCfg = Debug|Any CPU
		{A2321F94-65D3-452F-AA85-431CE84C5517}.Debug|x86.Build.0 = Debug|Any CPU
		{A2321F94-65D3-452F-AA85-431CE84C5517}.Release|Any CPU.ActiveCfg = Release|Any CPU
		{A2321F94-65D3-452F-AA85-431CE84C5517}.Release|Any CPU.Build.0 = Release|Any CPU
		{A2321F94-65D3-452F-AA85-431CE84C5517}.Release|x64.ActiveCfg = Release|Any CPU
		{A2321F94-65D3-452F-AA85-431CE84C5517}.Release|x64.Build.0 = Release|Any CPU
		{A2321F94-65D3-452F-AA85-431CE84C5517}.Release|x86.ActiveCfg = Release|Any CPU
		{A2321F94-65D3-452F-AA85-431CE84C5517}.Release|x86.Build.0 = Release|Any CPU
		{B1464FFB-0AED-4B63-A226-679A252E1460}.Debug|Any CPU.ActiveCfg = Debug|Any CPU
		{B1464FFB-0AED-4B63-A226-679A252E1460}.Debug|Any CPU.Build.0 = Debug|Any CPU
		{B1464FFB-0AED-4B63-A226-679A252E1460}.Debug|x64.ActiveCfg = Debug|Any CPU
		{B1464FFB-0AED-4B63-A226-679A252E1460}.Debug|x64.Build.0 = Debug|Any CPU
		{B1464FFB-0AED-4B63-A226-679A252E1460}.Debug|x86.ActiveCfg = Debug|Any CPU
		{B1464FFB-0AED-4B63-A226-679A252E1460}.Debug|x86.Build.0 = Debug|Any CPU
		{B1464FFB-0AED-4B63-A226-679A252E1460}.Release|Any CPU.ActiveCfg = Release|Any CPU
		{B1464FFB-0AED-4B63-A226-679A252E1460}.Release|Any CPU.Build.0 = Release|Any CPU
		{B1464FFB-0AED-4B63-A226-679A252E1460}.Release|x64.ActiveCfg = Release|Any CPU
		{B1464FFB-0AED-4B63-A226-679A252E1460}.Release|x64.Build.0 = Release|Any CPU
		{B1464FFB-0AED-4B63-A226-679A252E1460}.Release|x86.ActiveCfg = Release|Any CPU
		{B1464FFB-0AED-4B63-A226-679A252E1460}.Release|x86.Build.0 = Release|Any CPU
		{B61E4B7B-F848-4628-BE9C-97AFA0F64ADC}.Debug|Any CPU.ActiveCfg = Debug|Any CPU
		{B61E4B7B-F848-4628-BE9C-97AFA0F64ADC}.Debug|Any CPU.Build.0 = Debug|Any CPU
		{B61E4B7B-F848-4628-BE9C-97AFA0F64ADC}.Debug|x64.ActiveCfg = Debug|Any CPU
		{B61E4B7B-F848-4628-BE9C-97AFA0F64ADC}.Debug|x64.Build.0 = Debug|Any CPU
		{B61E4B7B-F848-4628-BE9C-97AFA0F64ADC}.Debug|x86.ActiveCfg = Debug|Any CPU
		{B61E4B7B-F848-4628-BE9C-97AFA0F64ADC}.Debug|x86.Build.0 = Debug|Any CPU
		{B61E4B7B-F848-4628-BE9C-97AFA0F64ADC}.Release|Any CPU.ActiveCfg = Release|Any CPU
		{B61E4B7B-F848-4628-BE9C-97AFA0F64ADC}.Release|Any CPU.Build.0 = Release|Any CPU
		{B61E4B7B-F848-4628-BE9C-97AFA0F64ADC}.Release|x64.ActiveCfg = Release|Any CPU
		{B61E4B7B-F848-4628-BE9C-97AFA0F64ADC}.Release|x64.Build.0 = Release|Any CPU
		{B61E4B7B-F848-4628-BE9C-97AFA0F64ADC}.Release|x86.ActiveCfg = Release|Any CPU
		{B61E4B7B-F848-4628-BE9C-97AFA0F64ADC}.Release|x86.Build.0 = Release|Any CPU
	EndGlobalSection
	GlobalSection(SolutionProperties) = preSolution
		HideSolutionNode = FALSE
	EndGlobalSection
EndGlobal
